
Microsoft Visual Studio Solution File, Format Version 12.00
# Visual Studio Version 17
VisualStudioVersion = 17.8.34601.278
MinimumVisualStudioVersion = 10.0.40219.1
Project("{FAE04EC0-301F-11D3-BF4B-00C04F79EFBC}") = "SocketHelper", "SocketHelper\SocketHelper.csproj", "{565BDFD3-20EA-4C58-AE6B-7E7293E09CA1}"
EndProject
Project("{FAE04EC0-301F-11D3-BF4B-00C04F79EFBC}") = "Utility", "Utility\Utility.csproj", "{AF3354EB-92A0-42B7-AF92-2FD0AB7C4042}"
EndProject
Project("{FAE04EC0-301F-11D3-BF4B-00C04F79EFBC}") = "LogHelper", "LogHelper\LogHelper.csproj", "{FCB262F0-07A6-4447-8A45-5FBFB4D8B8F3}"
EndProject
Project("{FAE04EC0-301F-11D3-BF4B-00C04F79EFBC}") = "Desktop.App", "Desktop.App\Desktop.App.csproj", "{7F4F8025-962B-4CF8-85AF-0146AACC71B1}"
EndProject
Project("{FAE04EC0-301F-11D3-BF4B-00C04F79EFBC}") = "SocketHelper.Test.Client", "SocketHelper.Test.Client\SocketHelper.Test.Client.csproj", "{269F1857-22B7-45CC-923E-9702930E60DD}"
EndProject
Project("{FAE04EC0-301F-11D3-BF4B-00C04F79EFBC}") = "SocketHelper.Test.Server", "SocketHelper.Test.Server\SocketHelper.Test.Server.csproj", "{E4433AB6-0682-48D6-9C92-E85181B8348F}"
EndProject
Project("{FAE04EC0-301F-11D3-BF4B-00C04F79EFBC}") = "Dal", "Dal\Dal.csproj", "{970B3E09-2DFA-40E4-8CCD-A348E4EE85A7}"
EndProject
Project("{FAE04EC0-301F-11D3-BF4B-00C04F79EFBC}") = "Service", "Service\Service.csproj", "{A810F508-8FC8-4C66-9D1C-F3D15422DDD7}"
EndProject
Project("{FAE04EC0-301F-11D3-BF4B-00C04F79EFBC}") = "Core", "Core\Core.csproj", "{3C763F9C-86CB-4AC4-9029-BD44D715741F}"
EndProject
Project("{FAE04EC0-301F-11D3-BF4B-00C04F79EFBC}") = "Dal.CreateModel", "Dal.CreateModel\Dal.CreateModel.csproj", "{A8ACBDC6-2385-4AA9-A8DF-5959608B8A22}"
EndProject
Project("{FAE04EC0-301F-11D3-BF4B-00C04F79EFBC}") = "Models", "Models\Models.csproj", "{32B64A4D-F4CC-4811-94D8-81CB5BFEF01B}"
EndProject
Project("{FAE04EC0-301F-11D3-BF4B-00C04F79EFBC}") = "Dal.CreateDb", "Dal.CreateDb\Dal.CreateDb.csproj", "{9F0AAA81-2172-4699-B024-146EF5C79412}"
EndProject
Project("{FAE04EC0-301F-11D3-BF4B-00C04F79EFBC}") = "OpcHelper", "OpcHelper\OpcHelper.csproj", "{23414576-6AFC-49C0-816F-AA572CBBA2C5}"
EndProject
Project("{FAE04EC0-301F-11D3-BF4B-00C04F79EFBC}") = "PortsHelper", "PortsHelper\PortsHelper.csproj", "{F57E7B06-64A8-4C50-AA74-7F6DCE695884}"
EndProject
Project("{FAE04EC0-301F-11D3-BF4B-00C04F79EFBC}") = "PortsHelper.Test", "PortsHelper.Test\PortsHelper.Test.csproj", "{5F901731-7810-472C-A8EC-F8A6B8642499}"
EndProject
Project("{FAE04EC0-301F-11D3-BF4B-00C04F79EFBC}") = "OpcUaHelper", "OpcUaHelper\OpcUaHelper.csproj", "{2D4E7C6F-1B0B-49F4-A9E6-A267866BA5A9}"
EndProject
Project("{FAE04EC0-301F-11D3-BF4B-00C04F79EFBC}") = "UtilityTests", "UtilityTests\UtilityTests.csproj", "{A4D9C47A-4CEC-4C08-86AC-FDE66E1D3BED}"
EndProject
Project("{FAE04EC0-301F-11D3-BF4B-00C04F79EFBC}") = "OpcHelper.Demo", "OpcHelper.Demo\OpcHelper.Demo.csproj", "{FDCCC7DB-33CB-4B00-8669-45304A33481D}"
EndProject
Project("{FAE04EC0-301F-11D3-BF4B-00C04F79EFBC}") = "Desktop.Core", "Desktop.Core\Desktop.Core.csproj", "{1FFFC5B2-E6CC-482E-A720-74CA90237FAF}"
EndProject
Project("{FAE04EC0-301F-11D3-BF4B-00C04F79EFBC}") = "Desktop.HeaderBarModule", "Desktop.HeaderBarModule\Desktop.HeaderBarModule.csproj", "{723A2011-0D46-44DA-BFD2-55F67C73CF26}"
EndProject
Project("{FAE04EC0-301F-11D3-BF4B-00C04F79EFBC}") = "Desktop.HeaderMenuModule", "Desktop.HeaderMenuModule\Desktop.HeaderMenuModule.csproj", "{65A712E2-FF5C-4738-BF05-394278744B07}"
EndProject
Project("{FAE04EC0-301F-11D3-BF4B-00C04F79EFBC}") = "Desktop.StatusBarModule", "Desktop.StatusBarModule\Desktop.StatusBarModule.csproj", "{5E65338D-83A6-4BD2-8DE4-F64F626B69B5}"
EndProject
Project("{FAE04EC0-301F-11D3-BF4B-00C04F79EFBC}") = "Desktop.Resource", "Desktop.Resource\Desktop.Resource.csproj", "{46D85FDB-308A-4073-94D6-89F2FDA1CDD3}"
EndProject
Project("{FAE04EC0-301F-11D3-BF4B-00C04F79EFBC}") = "Desktop.PublicControl", "Desktop.PublicControl\Desktop.PublicControl.csproj", "{024B92C9-0A5E-4308-8866-CD7612E13F7D}"
EndProject
Project("{FAE04EC0-301F-11D3-BF4B-00C04F79EFBC}") = "Desktop.MainBoardModule", "Desktop.MainBoardModule\Desktop.MainBoardModule.csproj", "{65A5D30C-70EF-474C-8646-4E3646E806BF}"
EndProject
Project("{FAE04EC0-301F-11D3-BF4B-00C04F79EFBC}") = "Desktop.ShellModule", "Desktop.ShellModule\Desktop.ShellModule.csproj", "{CB526DD8-E59C-4B44-8B9B-EC2950C52029}"
EndProject
Project("{FAE04EC0-301F-11D3-BF4B-00C04F79EFBC}") = "Desktop.TreeMenuModule", "Desktop.TreeMenuModule\Desktop.TreeMenuModule.csproj", "{F034D165-310D-44E4-B94C-4FE1ACAA6020}"
EndProject
Project("{FAE04EC0-301F-11D3-BF4B-00C04F79EFBC}") = "Desktop.LoginModule", "Desktop.LoginModule\Desktop.LoginModule.csproj", "{0796047D-52A7-4900-B379-EC6213F53C1D}"
EndProject
Project("{2150E333-8FDC-42A3-9474-1A3956D46DE8}") = "Desktop", "Desktop", "{A7373109-ED3D-4E84-AF7F-505E72DDBA28}"
EndProject
Project("{2150E333-8FDC-42A3-9474-1A3956D46DE8}") = "Modules", "Modules", "{71A00CF0-4689-4AC5-9697-A8CBF2194BFD}"
EndProject
Project("{FAE04EC0-301F-11D3-BF4B-00C04F79EFBC}") = "Desktop.UserModule", "Desktop.UserModule\Desktop.UserModule.csproj", "{20179750-846C-42CB-9DBF-62836AF6A294}"
EndProject
Project("{FAE04EC0-301F-11D3-BF4B-00C04F79EFBC}") = "Desktop.AppLogModule", "Desktop.AppLogModule\Desktop.AppLogModule.csproj", "{D9724031-6E77-4DA6-8166-BA85FAC71D7F}"
EndProject
Project("{FAE04EC0-301F-11D3-BF4B-00C04F79EFBC}") = "Desktop.HelpModule", "Desktop.HelpModule\Desktop.HelpModule.csproj", "{94EFBEC5-B7E1-4662-93D3-91BA2AD4F864}"
EndProject
Project("{FAE04EC0-301F-11D3-BF4B-00C04F79EFBC}") = "Desktop.SettingModule", "Desktop.SettingModule\Desktop.SettingModule.csproj", "{F89FF089-23CE-422E-903B-9CFECE31590E}"
EndProject
Project("{FAE04EC0-301F-11D3-BF4B-00C04F79EFBC}") = "Desktop.RoleModule", "Desktop.RoleModule\Desktop.RoleModule.csproj", "{95948222-4B59-47D0-A5CA-2476B3D8318A}"
EndProject
Project("{FAE04EC0-301F-11D3-BF4B-00C04F79EFBC}") = "Desktop.NoticeModule", "Desktop.NoticeModule\Desktop.NoticeModule.csproj", "{2AEEBEE4-CF04-4AD2-A9E4-9073FF911925}"
EndProject
Project("{FAE04EC0-301F-11D3-BF4B-00C04F79EFBC}") = "Desktop.ModuleModule", "Desktop.ModuleModule\Desktop.ModuleModule.csproj", "{368ACE1E-D920-42F5-B25A-9578613D979C}"
EndProject
Project("{FAE04EC0-301F-11D3-BF4B-00C04F79EFBC}") = "Desktop.OpcModule", "Desktop.OpcModule\Desktop.OpcModule.csproj", "{2B1202E3-009A-4E33-B865-FF687D4955DD}"
EndProject
Project("{FAE04EC0-301F-11D3-BF4B-00C04F79EFBC}") = "OpcUaHelper.Demo", "OpcUaHelper.Demo\OpcUaHelper.Demo.csproj", "{B9A0EF8E-278C-443A-BB99-804FCAA38403}"
EndProject
Project("{FAE04EC0-301F-11D3-BF4B-00C04F79EFBC}") = "Desktop.ThreeDModule", "Desktop.ThreeDModule\Desktop.ThreeDModule.csproj", "{C854F28C-0FBF-4FA8-997F-8EA01D322F90}"
EndProject
Project("{2150E333-8FDC-42A3-9474-1A3956D46DE8}") = "Images", "Images", "{6D4D7BF2-3E56-47F3-93A3-B2A38DA888B6}"
EndProject
Global
	GlobalSection(SolutionConfigurationPlatforms) = preSolution
		Debug|Any CPU = Debug|Any CPU
		Release|Any CPU = Release|Any CPU
	EndGlobalSection
	GlobalSection(ProjectConfigurationPlatforms) = postSolution
		{565BDFD3-20EA-4C58-AE6B-7E7293E09CA1}.Debug|Any CPU.ActiveCfg = Debug|Any CPU
		{565BDFD3-20EA-4C58-AE6B-7E7293E09CA1}.Debug|Any CPU.Build.0 = Debug|Any CPU
		{565BDFD3-20EA-4C58-AE6B-7E7293E09CA1}.Release|Any CPU.ActiveCfg = Release|Any CPU
		{565BDFD3-20EA-4C58-AE6B-7E7293E09CA1}.Release|Any CPU.Build.0 = Release|Any CPU
		{AF3354EB-92A0-42B7-AF92-2FD0AB7C4042}.Debug|Any CPU.ActiveCfg = Debug|Any CPU
		{AF3354EB-92A0-42B7-AF92-2FD0AB7C4042}.Debug|Any CPU.Build.0 = Debug|Any CPU
		{AF3354EB-92A0-42B7-AF92-2FD0AB7C4042}.Release|Any CPU.ActiveCfg = Release|Any CPU
		{AF3354EB-92A0-42B7-AF92-2FD0AB7C4042}.Release|Any CPU.Build.0 = Release|Any CPU
		{FCB262F0-07A6-4447-8A45-5FBFB4D8B8F3}.Debug|Any CPU.ActiveCfg = Debug|Any CPU
		{FCB262F0-07A6-4447-8A45-5FBFB4D8B8F3}.Debug|Any CPU.Build.0 = Debug|Any CPU
		{FCB262F0-07A6-4447-8A45-5FBFB4D8B8F3}.Release|Any CPU.ActiveCfg = Release|Any CPU
		{FCB262F0-07A6-4447-8A45-5FBFB4D8B8F3}.Release|Any CPU.Build.0 = Release|Any CPU
		{7F4F8025-962B-4CF8-85AF-0146AACC71B1}.Debug|Any CPU.ActiveCfg = Debug|Any CPU
		{7F4F8025-962B-4CF8-85AF-0146AACC71B1}.Debug|Any CPU.Build.0 = Debug|Any CPU
		{7F4F8025-962B-4CF8-85AF-0146AACC71B1}.Release|Any CPU.ActiveCfg = Release|Any CPU
		{7F4F8025-962B-4CF8-85AF-0146AACC71B1}.Release|Any CPU.Build.0 = Release|Any CPU
		{269F1857-22B7-45CC-923E-9702930E60DD}.Debug|Any CPU.ActiveCfg = Debug|Any CPU
		{269F1857-22B7-45CC-923E-9702930E60DD}.Debug|Any CPU.Build.0 = Debug|Any CPU
		{269F1857-22B7-45CC-923E-9702930E60DD}.Release|Any CPU.ActiveCfg = Release|Any CPU
		{269F1857-22B7-45CC-923E-9702930E60DD}.Release|Any CPU.Build.0 = Release|Any CPU
		{E4433AB6-0682-48D6-9C92-E85181B8348F}.Debug|Any CPU.ActiveCfg = Debug|Any CPU
		{E4433AB6-0682-48D6-9C92-E85181B8348F}.Debug|Any CPU.Build.0 = Debug|Any CPU
		{E4433AB6-0682-48D6-9C92-E85181B8348F}.Release|Any CPU.ActiveCfg = Release|Any CPU
		{E4433AB6-0682-48D6-9C92-E85181B8348F}.Release|Any CPU.Build.0 = Release|Any CPU
		{970B3E09-2DFA-40E4-8CCD-A348E4EE85A7}.Debug|Any CPU.ActiveCfg = Debug|Any CPU
		{970B3E09-2DFA-40E4-8CCD-A348E4EE85A7}.Debug|Any CPU.Build.0 = Debug|Any CPU
		{970B3E09-2DFA-40E4-8CCD-A348E4EE85A7}.Release|Any CPU.ActiveCfg = Release|Any CPU
		{970B3E09-2DFA-40E4-8CCD-A348E4EE85A7}.Release|Any CPU.Build.0 = Release|Any CPU
		{A810F508-8FC8-4C66-9D1C-F3D15422DDD7}.Debug|Any CPU.ActiveCfg = Debug|Any CPU
		{A810F508-8FC8-4C66-9D1C-F3D15422DDD7}.Debug|Any CPU.Build.0 = Debug|Any CPU
		{A810F508-8FC8-4C66-9D1C-F3D15422DDD7}.Release|Any CPU.ActiveCfg = Release|Any CPU
		{A810F508-8FC8-4C66-9D1C-F3D15422DDD7}.Release|Any CPU.Build.0 = Release|Any CPU
		{3C763F9C-86CB-4AC4-9029-BD44D715741F}.Debug|Any CPU.ActiveCfg = Debug|Any CPU
		{3C763F9C-86CB-4AC4-9029-BD44D715741F}.Debug|Any CPU.Build.0 = Debug|Any CPU
		{3C763F9C-86CB-4AC4-9029-BD44D715741F}.Release|Any CPU.ActiveCfg = Release|Any CPU
		{3C763F9C-86CB-4AC4-9029-BD44D715741F}.Release|Any CPU.Build.0 = Release|Any CPU
		{A8ACBDC6-2385-4AA9-A8DF-5959608B8A22}.Debug|Any CPU.ActiveCfg = Debug|Any CPU
		{A8ACBDC6-2385-4AA9-A8DF-5959608B8A22}.Debug|Any CPU.Build.0 = Debug|Any CPU
		{A8ACBDC6-2385-4AA9-A8DF-5959608B8A22}.Release|Any CPU.ActiveCfg = Release|Any CPU
		{A8ACBDC6-2385-4AA9-A8DF-5959608B8A22}.Release|Any CPU.Build.0 = Release|Any CPU
		{32B64A4D-F4CC-4811-94D8-81CB5BFEF01B}.Debug|Any CPU.ActiveCfg = Debug|Any CPU
		{32B64A4D-F4CC-4811-94D8-81CB5BFEF01B}.Debug|Any CPU.Build.0 = Debug|Any CPU
		{32B64A4D-F4CC-4811-94D8-81CB5BFEF01B}.Release|Any CPU.ActiveCfg = Release|Any CPU
		{32B64A4D-F4CC-4811-94D8-81CB5BFEF01B}.Release|Any CPU.Build.0 = Release|Any CPU
		{9F0AAA81-2172-4699-B024-146EF5C79412}.Debug|Any CPU.ActiveCfg = Debug|Any CPU
		{9F0AAA81-2172-4699-B024-146EF5C79412}.Debug|Any CPU.Build.0 = Debug|Any CPU
		{9F0AAA81-2172-4699-B024-146EF5C79412}.Release|Any CPU.ActiveCfg = Release|Any CPU
		{9F0AAA81-2172-4699-B024-146EF5C79412}.Release|Any CPU.Build.0 = Release|Any CPU
		{23414576-6AFC-49C0-816F-AA572CBBA2C5}.Debug|Any CPU.ActiveCfg = Debug|Any CPU
		{23414576-6AFC-49C0-816F-AA572CBBA2C5}.Debug|Any CPU.Build.0 = Debug|Any CPU
		{23414576-6AFC-49C0-816F-AA572CBBA2C5}.Release|Any CPU.ActiveCfg = Release|Any CPU
		{23414576-6AFC-49C0-816F-AA572CBBA2C5}.Release|Any CPU.Build.0 = Release|Any CPU
		{F57E7B06-64A8-4C50-AA74-7F6DCE695884}.Debug|Any CPU.ActiveCfg = Debug|Any CPU
		{F57E7B06-64A8-4C50-AA74-7F6DCE695884}.Debug|Any CPU.Build.0 = Debug|Any CPU
		{F57E7B06-64A8-4C50-AA74-7F6DCE695884}.Release|Any CPU.ActiveCfg = Release|Any CPU
		{F57E7B06-64A8-4C50-AA74-7F6DCE695884}.Release|Any CPU.Build.0 = Release|Any CPU
		{5F901731-7810-472C-A8EC-F8A6B8642499}.Debug|Any CPU.ActiveCfg = Debug|Any CPU
		{5F901731-7810-472C-A8EC-F8A6B8642499}.Debug|Any CPU.Build.0 = Debug|Any CPU
		{5F901731-7810-472C-A8EC-F8A6B8642499}.Release|Any CPU.ActiveCfg = Release|Any CPU
		{5F901731-7810-472C-A8EC-F8A6B8642499}.Release|Any CPU.Build.0 = Release|Any CPU
		{2D4E7C6F-1B0B-49F4-A9E6-A267866BA5A9}.Debug|Any CPU.ActiveCfg = Debug|Any CPU
		{2D4E7C6F-1B0B-49F4-A9E6-A267866BA5A9}.Debug|Any CPU.Build.0 = Debug|Any CPU
		{2D4E7C6F-1B0B-49F4-A9E6-A267866BA5A9}.Release|Any CPU.ActiveCfg = Release|Any CPU
		{2D4E7C6F-1B0B-49F4-A9E6-A267866BA5A9}.Release|Any CPU.Build.0 = Release|Any CPU
		{A4D9C47A-4CEC-4C08-86AC-FDE66E1D3BED}.Debug|Any CPU.ActiveCfg = Debug|Any CPU
		{A4D9C47A-4CEC-4C08-86AC-FDE66E1D3BED}.Debug|Any CPU.Build.0 = Debug|Any CPU
		{A4D9C47A-4CEC-4C08-86AC-FDE66E1D3BED}.Release|Any CPU.ActiveCfg = Release|Any CPU
		{A4D9C47A-4CEC-4C08-86AC-FDE66E1D3BED}.Release|Any CPU.Build.0 = Release|Any CPU
		{FDCCC7DB-33CB-4B00-8669-45304A33481D}.Debug|Any CPU.ActiveCfg = Debug|Any CPU
		{FDCCC7DB-33CB-4B00-8669-45304A33481D}.Debug|Any CPU.Build.0 = Debug|Any CPU
		{FDCCC7DB-33CB-4B00-8669-45304A33481D}.Release|Any CPU.ActiveCfg = Release|Any CPU
		{FDCCC7DB-33CB-4B00-8669-45304A33481D}.Release|Any CPU.Build.0 = Release|Any CPU
		{1FFFC5B2-E6CC-482E-A720-74CA90237FAF}.Debug|Any CPU.ActiveCfg = Debug|Any CPU
		{1FFFC5B2-E6CC-482E-A720-74CA90237FAF}.Debug|Any CPU.Build.0 = Debug|Any CPU
		{1FFFC5B2-E6CC-482E-A720-74CA90237FAF}.Release|Any CPU.ActiveCfg = Release|Any CPU
		{1FFFC5B2-E6CC-482E-A720-74CA90237FAF}.Release|Any CPU.Build.0 = Release|Any CPU
		{723A2011-0D46-44DA-BFD2-55F67C73CF26}.Debug|Any CPU.ActiveCfg = Debug|Any CPU
		{723A2011-0D46-44DA-BFD2-55F67C73CF26}.Debug|Any CPU.Build.0 = Debug|Any CPU
		{723A2011-0D46-44DA-BFD2-55F67C73CF26}.Release|Any CPU.ActiveCfg = Release|Any CPU
		{723A2011-0D46-44DA-BFD2-55F67C73CF26}.Release|Any CPU.Build.0 = Release|Any CPU
		{65A712E2-FF5C-4738-BF05-394278744B07}.Debug|Any CPU.ActiveCfg = Debug|Any CPU
		{65A712E2-FF5C-4738-BF05-394278744B07}.Debug|Any CPU.Build.0 = Debug|Any CPU
		{65A712E2-FF5C-4738-BF05-394278744B07}.Release|Any CPU.ActiveCfg = Release|Any CPU
		{65A712E2-FF5C-4738-BF05-394278744B07}.Release|Any CPU.Build.0 = Release|Any CPU
		{5E65338D-83A6-4BD2-8DE4-F64F626B69B5}.Debug|Any CPU.ActiveCfg = Debug|Any CPU
		{5E65338D-83A6-4BD2-8DE4-F64F626B69B5}.Debug|Any CPU.Build.0 = Debug|Any CPU
		{5E65338D-83A6-4BD2-8DE4-F64F626B69B5}.Release|Any CPU.ActiveCfg = Release|Any CPU
		{5E65338D-83A6-4BD2-8DE4-F64F626B69B5}.Release|Any CPU.Build.0 = Release|Any CPU
		{46D85FDB-308A-4073-94D6-89F2FDA1CDD3}.Debug|Any CPU.ActiveCfg = Debug|Any CPU
		{46D85FDB-308A-4073-94D6-89F2FDA1CDD3}.Debug|Any CPU.Build.0 = Debug|Any CPU
		{46D85FDB-308A-4073-94D6-89F2FDA1CDD3}.Release|Any CPU.ActiveCfg = Release|Any CPU
		{46D85FDB-308A-4073-94D6-89F2FDA1CDD3}.Release|Any CPU.Build.0 = Release|Any CPU
		{024B92C9-0A5E-4308-8866-CD7612E13F7D}.Debug|Any CPU.ActiveCfg = Debug|Any CPU
		{024B92C9-0A5E-4308-8866-CD7612E13F7D}.Debug|Any CPU.Build.0 = Debug|Any CPU
		{024B92C9-0A5E-4308-8866-CD7612E13F7D}.Release|Any CPU.ActiveCfg = Release|Any CPU
		{024B92C9-0A5E-4308-8866-CD7612E13F7D}.Release|Any CPU.Build.0 = Release|Any CPU
		{65A5D30C-70EF-474C-8646-4E3646E806BF}.Debug|Any CPU.ActiveCfg = Debug|Any CPU
		{65A5D30C-70EF-474C-8646-4E3646E806BF}.Debug|Any CPU.Build.0 = Debug|Any CPU
		{65A5D30C-70EF-474C-8646-4E3646E806BF}.Release|Any CPU.ActiveCfg = Release|Any CPU
		{65A5D30C-70EF-474C-8646-4E3646E806BF}.Release|Any CPU.Build.0 = Release|Any CPU
		{CB526DD8-E59C-4B44-8B9B-EC2950C52029}.Debug|Any CPU.ActiveCfg = Debug|Any CPU
		{CB526DD8-E59C-4B44-8B9B-EC2950C52029}.Debug|Any CPU.Build.0 = Debug|Any CPU
		{CB526DD8-E59C-4B44-8B9B-EC2950C52029}.Release|Any CPU.ActiveCfg = Release|Any CPU
		{CB526DD8-E59C-4B44-8B9B-EC2950C52029}.Release|Any CPU.Build.0 = Release|Any CPU
		{F034D165-310D-44E4-B94C-4FE1ACAA6020}.Debug|Any CPU.ActiveCfg = Debug|Any CPU
		{F034D165-310D-44E4-B94C-4FE1ACAA6020}.Debug|Any CPU.Build.0 = Debug|Any CPU
		{F034D165-310D-44E4-B94C-4FE1ACAA6020}.Release|Any CPU.ActiveCfg = Release|Any CPU
		{F034D165-310D-44E4-B94C-4FE1ACAA6020}.Release|Any CPU.Build.0 = Release|Any CPU
		{0796047D-52A7-4900-B379-EC6213F53C1D}.Debug|Any CPU.ActiveCfg = Debug|Any CPU
		{0796047D-52A7-4900-B379-EC6213F53C1D}.Debug|Any CPU.Build.0 = Debug|Any CPU
		{0796047D-52A7-4900-B379-EC6213F53C1D}.Release|Any CPU.ActiveCfg = Release|Any CPU
		{0796047D-52A7-4900-B379-EC6213F53C1D}.Release|Any CPU.Build.0 = Release|Any CPU
		{20179750-846C-42CB-9DBF-62836AF6A294}.Debug|Any CPU.ActiveCfg = Debug|Any CPU
		{20179750-846C-42CB-9DBF-62836AF6A294}.Debug|Any CPU.Build.0 = Debug|Any CPU
		{20179750-846C-42CB-9DBF-62836AF6A294}.Release|Any CPU.ActiveCfg = Release|Any CPU
		{20179750-846C-42CB-9DBF-62836AF6A294}.Release|Any CPU.Build.0 = Release|Any CPU
		{D9724031-6E77-4DA6-8166-BA85FAC71D7F}.Debug|Any CPU.ActiveCfg = Debug|Any CPU
		{D9724031-6E77-4DA6-8166-BA85FAC71D7F}.Debug|Any CPU.Build.0 = Debug|Any CPU
		{D9724031-6E77-4DA6-8166-BA85FAC71D7F}.Release|Any CPU.ActiveCfg = Release|Any CPU
		{D9724031-6E77-4DA6-8166-BA85FAC71D7F}.Release|Any CPU.Build.0 = Release|Any CPU
		{94EFBEC5-B7E1-4662-93D3-91BA2AD4F864}.Debug|Any CPU.ActiveCfg = Debug|Any CPU
		{94EFBEC5-B7E1-4662-93D3-91BA2AD4F864}.Debug|Any CPU.Build.0 = Debug|Any CPU
		{94EFBEC5-B7E1-4662-93D3-91BA2AD4F864}.Release|Any CPU.ActiveCfg = Release|Any CPU
		{94EFBEC5-B7E1-4662-93D3-91BA2AD4F864}.Release|Any CPU.Build.0 = Release|Any CPU
		{F89FF089-23CE-422E-903B-9CFECE31590E}.Debug|Any CPU.ActiveCfg = Debug|Any CPU
		{F89FF089-23CE-422E-903B-9CFECE31590E}.Debug|Any CPU.Build.0 = Debug|Any CPU
		{F89FF089-23CE-422E-903B-9CFECE31590E}.Release|Any CPU.ActiveCfg = Release|Any CPU
		{F89FF089-23CE-422E-903B-9CFECE31590E}.Release|Any CPU.Build.0 = Release|Any CPU
		{95948222-4B59-47D0-A5CA-2476B3D8318A}.Debug|Any CPU.ActiveCfg = Debug|Any CPU
		{95948222-4B59-47D0-A5CA-2476B3D8318A}.Debug|Any CPU.Build.0 = Debug|Any CPU
		{95948222-4B59-47D0-A5CA-2476B3D8318A}.Release|Any CPU.ActiveCfg = Release|Any CPU
		{95948222-4B59-47D0-A5CA-2476B3D8318A}.Release|Any CPU.Build.0 = Release|Any CPU
		{2AEEBEE4-CF04-4AD2-A9E4-9073FF911925}.Debug|Any CPU.ActiveCfg = Debug|Any CPU
		{2AEEBEE4-CF04-4AD2-A9E4-9073FF911925}.Debug|Any CPU.Build.0 = Debug|Any CPU
		{2AEEBEE4-CF04-4AD2-A9E4-9073FF911925}.Release|Any CPU.ActiveCfg = Release|Any CPU
		{2AEEBEE4-CF04-4AD2-A9E4-9073FF911925}.Release|Any CPU.Build.0 = Release|Any CPU
		{368ACE1E-D920-42F5-B25A-9578613D979C}.Debug|Any CPU.ActiveCfg = Debug|Any CPU
		{368ACE1E-D920-42F5-B25A-9578613D979C}.Debug|Any CPU.Build.0 = Debug|Any CPU
		{368ACE1E-D920-42F5-B25A-9578613D979C}.Release|Any CPU.ActiveCfg = Release|Any CPU
		{368ACE1E-D920-42F5-B25A-9578613D979C}.Release|Any CPU.Build.0 = Release|Any CPU
		{2B1202E3-009A-4E33-B865-FF687D4955DD}.Debug|Any CPU.ActiveCfg = Debug|Any CPU
		{2B1202E3-009A-4E33-B865-FF687D4955DD}.Debug|Any CPU.Build.0 = Debug|Any CPU
		{2B1202E3-009A-4E33-B865-FF687D4955DD}.Release|Any CPU.ActiveCfg = Release|Any CPU
		{2B1202E3-009A-4E33-B865-FF687D4955DD}.Release|Any CPU.Build.0 = Release|Any CPU
		{B9A0EF8E-278C-443A-BB99-804FCAA38403}.Debug|Any CPU.ActiveCfg = Debug|Any CPU
		{B9A0EF8E-278C-443A-BB99-804FCAA38403}.Debug|Any CPU.Build.0 = Debug|Any CPU
		{B9A0EF8E-278C-443A-BB99-804FCAA38403}.Release|Any CPU.ActiveCfg = Release|Any CPU
		{B9A0EF8E-278C-443A-BB99-804FCAA38403}.Release|Any CPU.Build.0 = Release|Any CPU
		{C854F28C-0FBF-4FA8-997F-8EA01D322F90}.Debug|Any CPU.ActiveCfg = Debug|Any CPU
		{C854F28C-0FBF-4FA8-997F-8EA01D322F90}.Debug|Any CPU.Build.0 = Debug|Any CPU
		{C854F28C-0FBF-4FA8-997F-8EA01D322F90}.Release|Any CPU.ActiveCfg = Release|Any CPU
		{C854F28C-0FBF-4FA8-997F-8EA01D322F90}.Release|Any CPU.Build.0 = Release|Any CPU
	EndGlobalSection
	GlobalSection(SolutionProperties) = preSolution
		HideSolutionNode = FALSE
	EndGlobalSection
	GlobalSection(NestedProjects) = preSolution
		{7F4F8025-962B-4CF8-85AF-0146AACC71B1} = {A7373109-ED3D-4E84-AF7F-505E72DDBA28}
		{1FFFC5B2-E6CC-482E-A720-74CA90237FAF} = {A7373109-ED3D-4E84-AF7F-505E72DDBA28}
		{723A2011-0D46-44DA-BFD2-55F67C73CF26} = {A7373109-ED3D-4E84-AF7F-505E72DDBA28}
		{65A712E2-FF5C-4738-BF05-394278744B07} = {A7373109-ED3D-4E84-AF7F-505E72DDBA28}
		{5E65338D-83A6-4BD2-8DE4-F64F626B69B5} = {A7373109-ED3D-4E84-AF7F-505E72DDBA28}
		{46D85FDB-308A-4073-94D6-89F2FDA1CDD3} = {A7373109-ED3D-4E84-AF7F-505E72DDBA28}
		{024B92C9-0A5E-4308-8866-CD7612E13F7D} = {A7373109-ED3D-4E84-AF7F-505E72DDBA28}
		{65A5D30C-70EF-474C-8646-4E3646E806BF} = {A7373109-ED3D-4E84-AF7F-505E72DDBA28}
		{CB526DD8-E59C-4B44-8B9B-EC2950C52029} = {A7373109-ED3D-4E84-AF7F-505E72DDBA28}
		{F034D165-310D-44E4-B94C-4FE1ACAA6020} = {A7373109-ED3D-4E84-AF7F-505E72DDBA28}
		{0796047D-52A7-4900-B379-EC6213F53C1D} = {A7373109-ED3D-4E84-AF7F-505E72DDBA28}
		{71A00CF0-4689-4AC5-9697-A8CBF2194BFD} = {A7373109-ED3D-4E84-AF7F-505E72DDBA28}
		{20179750-846C-42CB-9DBF-62836AF6A294} = {71A00CF0-4689-4AC5-9697-A8CBF2194BFD}
		{D9724031-6E77-4DA6-8166-BA85FAC71D7F} = {71A00CF0-4689-4AC5-9697-A8CBF2194BFD}
		{94EFBEC5-B7E1-4662-93D3-91BA2AD4F864} = {71A00CF0-4689-4AC5-9697-A8CBF2194BFD}
		{F89FF089-23CE-422E-903B-9CFECE31590E} = {71A00CF0-4689-4AC5-9697-A8CBF2194BFD}
		{95948222-4B59-47D0-A5CA-2476B3D8318A} = {71A00CF0-4689-4AC5-9697-A8CBF2194BFD}
		{2AEEBEE4-CF04-4AD2-A9E4-9073FF911925} = {71A00CF0-4689-4AC5-9697-A8CBF2194BFD}
		{368ACE1E-D920-42F5-B25A-9578613D979C} = {71A00CF0-4689-4AC5-9697-A8CBF2194BFD}
		{2B1202E3-009A-4E33-B865-FF687D4955DD} = {71A00CF0-4689-4AC5-9697-A8CBF2194BFD}
		{C854F28C-0FBF-4FA8-997F-8EA01D322F90} = {71A00CF0-4689-4AC5-9697-A8CBF2194BFD}
	EndGlobalSection
	GlobalSection(ExtensibilityGlobals) = postSolution
		SolutionGuid = {66FE24F2-7EAE-4A8B-88C8-B3CD26BE6C95}
	EndGlobalSection
EndGlobal
